
Microsoft Visual Studio Solution File, Format Version 12.00
# Visual Studio 14
VisualStudioVersion = 14.0.25420.1
MinimumVisualStudioVersion = 10.0.40219.1
Project("{FAE04EC0-301F-11D3-BF4B-00C04F79EFBC}") = "Ehb.Dijlezonen.Kassa.App.Android", "Ehb.Dijlezonen.Kassa.App\Ehb.Dijlezonen.Kassa.App.Android\Ehb.Dijlezonen.Kassa.App.Android.csproj", "{74683512-C831-4936-BB40-521BC5E5F0F4}"
EndProject
Project("{FAE04EC0-301F-11D3-BF4B-00C04F79EFBC}") = "Ehb.Dijlezonen.Kassa.App.Shared", "Ehb.Dijlezonen.Kassa.App\Ehb.Dijlezonen.Kassa.App\Ehb.Dijlezonen.Kassa.App.Shared.csproj", "{D31DEA7E-239E-43BA-8215-FA9A83BEE5B4}"
EndProject
Project("{FAE04EC0-301F-11D3-BF4B-00C04F79EFBC}") = "Ehb.Dijlezonen.Kassa.App.UWP", "Ehb.Dijlezonen.Kassa.App\Ehb.Dijlezonen.Kassa.App.UWP\Ehb.Dijlezonen.Kassa.App.UWP.csproj", "{4D293C27-64C7-4B94-AA42-316D06F7C7AB}"
EndProject
Project("{FAE04EC0-301F-11D3-BF4B-00C04F79EFBC}") = "Ehb.Dijlezonen.Kassa.App.iOS", "Ehb.Dijlezonen.Kassa.App\Ehb.Dijlezonen.Kassa.App.iOS\Ehb.Dijlezonen.Kassa.App.iOS.csproj", "{3C193B3D-0E68-49C9-B8D5-BDE0DB0B467B}"
EndProject
Project("{2150E333-8FDC-42A3-9474-1A3956D46DE8}") = "Solution", "Solution", "{3B14E0EE-2C13-446B-B733-DD76F92F1A5B}"
	ProjectSection(SolutionItems) = preProject
		.gitignore = .gitignore
	EndProjectSection
EndProject
Project("{2150E333-8FDC-42A3-9474-1A3956D46DE8}") = "Xamarin", "Xamarin", "{E407E0D4-B3E7-4077-A9DD-4DE9735DEF34}"
EndProject
Project("{2150E333-8FDC-42A3-9474-1A3956D46DE8}") = "Source", "Source", "{D3A4E24F-FE94-4834-ADC4-8397B0C51DD2}"
EndProject
Project("{2150E333-8FDC-42A3-9474-1A3956D46DE8}") = "Tests", "Tests", "{2F89C062-3364-4EC1-B981-D1A00DDCB072}"
EndProject
Project("{2150E333-8FDC-42A3-9474-1A3956D46DE8}") = "Infrastructure", "Infrastructure", "{71E61B71-0D9F-4FB8-89FE-FCA55B6698A6}"
EndProject
Project("{2150E333-8FDC-42A3-9474-1A3956D46DE8}") = "Infrastructure", "Infrastructure", "{C201B1E2-3761-4476-83FD-AB989B077370}"
EndProject
Project("{FAE04EC0-301F-11D3-BF4B-00C04F79EFBC}") = "Ehb.Dijlezonen.Kassa.Infrastructure", "Ehb.Dijlezonen.Kassa.Infrastructure\Ehb.Dijlezonen.Kassa.Infrastructure.csproj", "{0CF98921-BC36-4043-8087-15D0425D783F}"
EndProject
Project("{FAE04EC0-301F-11D3-BF4B-00C04F79EFBC}") = "Ehb.Dijlezonen.Kassa.Infrastructure.Testing", "Ehb.Dijlezonen.Kassa.Infrastructure.Testing\Ehb.Dijlezonen.Kassa.Infrastructure.Testing.csproj", "{9C533CF5-4596-4919-86A5-BF057BAF0951}"
EndProject
Project("{FAE04EC0-301F-11D3-BF4B-00C04F79EFBC}") = "Ehb.Dijlezonen.Kassa.Infrastructure.Tests", "Ehb.Dijlezonen.Kassa.Infrastructure.Tests\Ehb.Dijlezonen.Kassa.Infrastructure.Tests.csproj", "{1AA83926-0632-4839-B574-9639DEF78DF2}"
EndProject
Global
	GlobalSection(SolutionConfigurationPlatforms) = preSolution
		Ad-Hoc|Any CPU = Ad-Hoc|Any CPU
		Ad-Hoc|ARM = Ad-Hoc|ARM
		Ad-Hoc|iPhone = Ad-Hoc|iPhone
		Ad-Hoc|iPhoneSimulator = Ad-Hoc|iPhoneSimulator
		Ad-Hoc|x64 = Ad-Hoc|x64
		Ad-Hoc|x86 = Ad-Hoc|x86
		AppStore|Any CPU = AppStore|Any CPU
		AppStore|ARM = AppStore|ARM
		AppStore|iPhone = AppStore|iPhone
		AppStore|iPhoneSimulator = AppStore|iPhoneSimulator
		AppStore|x64 = AppStore|x64
		AppStore|x86 = AppStore|x86
		Debug|Any CPU = Debug|Any CPU
		Debug|ARM = Debug|ARM
		Debug|iPhone = Debug|iPhone
		Debug|iPhoneSimulator = Debug|iPhoneSimulator
		Debug|x64 = Debug|x64
		Debug|x86 = Debug|x86
		Release|Any CPU = Release|Any CPU
		Release|ARM = Release|ARM
		Release|iPhone = Release|iPhone
		Release|iPhoneSimulator = Release|iPhoneSimulator
		Release|x64 = Release|x64
		Release|x86 = Release|x86
	EndGlobalSection
	GlobalSection(ProjectConfigurationPlatforms) = postSolution
		{74683512-C831-4936-BB40-521BC5E5F0F4}.Ad-Hoc|Any CPU.ActiveCfg = Release|Any CPU
		{74683512-C831-4936-BB40-521BC5E5F0F4}.Ad-Hoc|Any CPU.Build.0 = Release|Any CPU
		{74683512-C831-4936-BB40-521BC5E5F0F4}.Ad-Hoc|Any CPU.Deploy.0 = Release|Any CPU
		{74683512-C831-4936-BB40-521BC5E5F0F4}.Ad-Hoc|ARM.ActiveCfg = Release|Any CPU
		{74683512-C831-4936-BB40-521BC5E5F0F4}.Ad-Hoc|ARM.Build.0 = Release|Any CPU
		{74683512-C831-4936-BB40-521BC5E5F0F4}.Ad-Hoc|ARM.Deploy.0 = Release|Any CPU
		{74683512-C831-4936-BB40-521BC5E5F0F4}.Ad-Hoc|iPhone.ActiveCfg = Release|Any CPU
		{74683512-C831-4936-BB40-521BC5E5F0F4}.Ad-Hoc|iPhone.Build.0 = Release|Any CPU
		{74683512-C831-4936-BB40-521BC5E5F0F4}.Ad-Hoc|iPhone.Deploy.0 = Release|Any CPU
		{74683512-C831-4936-BB40-521BC5E5F0F4}.Ad-Hoc|iPhoneSimulator.ActiveCfg = Release|Any CPU
		{74683512-C831-4936-BB40-521BC5E5F0F4}.Ad-Hoc|iPhoneSimulator.Build.0 = Release|Any CPU
		{74683512-C831-4936-BB40-521BC5E5F0F4}.Ad-Hoc|iPhoneSimulator.Deploy.0 = Release|Any CPU
		{74683512-C831-4936-BB40-521BC5E5F0F4}.Ad-Hoc|x64.ActiveCfg = Release|Any CPU
		{74683512-C831-4936-BB40-521BC5E5F0F4}.Ad-Hoc|x64.Build.0 = Release|Any CPU
		{74683512-C831-4936-BB40-521BC5E5F0F4}.Ad-Hoc|x64.Deploy.0 = Release|Any CPU
		{74683512-C831-4936-BB40-521BC5E5F0F4}.Ad-Hoc|x86.ActiveCfg = Release|Any CPU
		{74683512-C831-4936-BB40-521BC5E5F0F4}.Ad-Hoc|x86.Build.0 = Release|Any CPU
		{74683512-C831-4936-BB40-521BC5E5F0F4}.Ad-Hoc|x86.Deploy.0 = Release|Any CPU
		{74683512-C831-4936-BB40-521BC5E5F0F4}.AppStore|Any CPU.ActiveCfg = Release|Any CPU
		{74683512-C831-4936-BB40-521BC5E5F0F4}.AppStore|Any CPU.Build.0 = Release|Any CPU
		{74683512-C831-4936-BB40-521BC5E5F0F4}.AppStore|Any CPU.Deploy.0 = Release|Any CPU
		{74683512-C831-4936-BB40-521BC5E5F0F4}.AppStore|ARM.ActiveCfg = Release|Any CPU
		{74683512-C831-4936-BB40-521BC5E5F0F4}.AppStore|ARM.Build.0 = Release|Any CPU
		{74683512-C831-4936-BB40-521BC5E5F0F4}.AppStore|ARM.Deploy.0 = Release|Any CPU
		{74683512-C831-4936-BB40-521BC5E5F0F4}.AppStore|iPhone.ActiveCfg = Release|Any CPU
		{74683512-C831-4936-BB40-521BC5E5F0F4}.AppStore|iPhone.Build.0 = Release|Any CPU
		{74683512-C831-4936-BB40-521BC5E5F0F4}.AppStore|iPhone.Deploy.0 = Release|Any CPU
		{74683512-C831-4936-BB40-521BC5E5F0F4}.AppStore|iPhoneSimulator.ActiveCfg = Release|Any CPU
		{74683512-C831-4936-BB40-521BC5E5F0F4}.AppStore|iPhoneSimulator.Build.0 = Release|Any CPU
		{74683512-C831-4936-BB40-521BC5E5F0F4}.AppStore|iPhoneSimulator.Deploy.0 = Release|Any CPU
		{74683512-C831-4936-BB40-521BC5E5F0F4}.AppStore|x64.ActiveCfg = Release|Any CPU
		{74683512-C831-4936-BB40-521BC5E5F0F4}.AppStore|x64.Build.0 = Release|Any CPU
		{74683512-C831-4936-BB40-521BC5E5F0F4}.AppStore|x64.Deploy.0 = Release|Any CPU
		{74683512-C831-4936-BB40-521BC5E5F0F4}.AppStore|x86.ActiveCfg = Release|Any CPU
		{74683512-C831-4936-BB40-521BC5E5F0F4}.AppStore|x86.Build.0 = Release|Any CPU
		{74683512-C831-4936-BB40-521BC5E5F0F4}.AppStore|x86.Deploy.0 = Release|Any CPU
		{74683512-C831-4936-BB40-521BC5E5F0F4}.Debug|Any CPU.ActiveCfg = Debug|Any CPU
		{74683512-C831-4936-BB40-521BC5E5F0F4}.Debug|Any CPU.Build.0 = Debug|Any CPU
		{74683512-C831-4936-BB40-521BC5E5F0F4}.Debug|Any CPU.Deploy.0 = Debug|Any CPU
		{74683512-C831-4936-BB40-521BC5E5F0F4}.Debug|ARM.ActiveCfg = Debug|Any CPU
		{74683512-C831-4936-BB40-521BC5E5F0F4}.Debug|ARM.Build.0 = Debug|Any CPU
		{74683512-C831-4936-BB40-521BC5E5F0F4}.Debug|ARM.Deploy.0 = Debug|Any CPU
		{74683512-C831-4936-BB40-521BC5E5F0F4}.Debug|iPhone.ActiveCfg = Debug|Any CPU
		{74683512-C831-4936-BB40-521BC5E5F0F4}.Debug|iPhone.Build.0 = Debug|Any CPU
		{74683512-C831-4936-BB40-521BC5E5F0F4}.Debug|iPhone.Deploy.0 = Debug|Any CPU
		{74683512-C831-4936-BB40-521BC5E5F0F4}.Debug|iPhoneSimulator.ActiveCfg = Debug|Any CPU
		{74683512-C831-4936-BB40-521BC5E5F0F4}.Debug|iPhoneSimulator.Build.0 = Debug|Any CPU
		{74683512-C831-4936-BB40-521BC5E5F0F4}.Debug|iPhoneSimulator.Deploy.0 = Debug|Any CPU
		{74683512-C831-4936-BB40-521BC5E5F0F4}.Debug|x64.ActiveCfg = Debug|Any CPU
		{74683512-C831-4936-BB40-521BC5E5F0F4}.Debug|x64.Build.0 = Debug|Any CPU
		{74683512-C831-4936-BB40-521BC5E5F0F4}.Debug|x64.Deploy.0 = Debug|Any CPU
		{74683512-C831-4936-BB40-521BC5E5F0F4}.Debug|x86.ActiveCfg = Debug|Any CPU
		{74683512-C831-4936-BB40-521BC5E5F0F4}.Debug|x86.Build.0 = Debug|Any CPU
		{74683512-C831-4936-BB40-521BC5E5F0F4}.Debug|x86.Deploy.0 = Debug|Any CPU
		{74683512-C831-4936-BB40-521BC5E5F0F4}.Release|Any CPU.ActiveCfg = Release|Any CPU
		{74683512-C831-4936-BB40-521BC5E5F0F4}.Release|Any CPU.Build.0 = Release|Any CPU
		{74683512-C831-4936-BB40-521BC5E5F0F4}.Release|Any CPU.Deploy.0 = Release|Any CPU
		{74683512-C831-4936-BB40-521BC5E5F0F4}.Release|ARM.ActiveCfg = Release|Any CPU
		{74683512-C831-4936-BB40-521BC5E5F0F4}.Release|ARM.Build.0 = Release|Any CPU
		{74683512-C831-4936-BB40-521BC5E5F0F4}.Release|ARM.Deploy.0 = Release|Any CPU
		{74683512-C831-4936-BB40-521BC5E5F0F4}.Release|iPhone.ActiveCfg = Release|Any CPU
		{74683512-C831-4936-BB40-521BC5E5F0F4}.Release|iPhone.Build.0 = Release|Any CPU
		{74683512-C831-4936-BB40-521BC5E5F0F4}.Release|iPhone.Deploy.0 = Release|Any CPU
		{74683512-C831-4936-BB40-521BC5E5F0F4}.Release|iPhoneSimulator.ActiveCfg = Release|Any CPU
		{74683512-C831-4936-BB40-521BC5E5F0F4}.Release|iPhoneSimulator.Build.0 = Release|Any CPU
		{74683512-C831-4936-BB40-521BC5E5F0F4}.Release|iPhoneSimulator.Deploy.0 = Release|Any CPU
		{74683512-C831-4936-BB40-521BC5E5F0F4}.Release|x64.ActiveCfg = Release|Any CPU
		{74683512-C831-4936-BB40-521BC5E5F0F4}.Release|x64.Build.0 = Release|Any CPU
		{74683512-C831-4936-BB40-521BC5E5F0F4}.Release|x64.Deploy.0 = Release|Any CPU
		{74683512-C831-4936-BB40-521BC5E5F0F4}.Release|x86.ActiveCfg = Release|Any CPU
		{74683512-C831-4936-BB40-521BC5E5F0F4}.Release|x86.Build.0 = Release|Any CPU
		{74683512-C831-4936-BB40-521BC5E5F0F4}.Release|x86.Deploy.0 = Release|Any CPU
		{D31DEA7E-239E-43BA-8215-FA9A83BEE5B4}.Ad-Hoc|Any CPU.ActiveCfg = Release|Any CPU
		{D31DEA7E-239E-43BA-8215-FA9A83BEE5B4}.Ad-Hoc|Any CPU.Build.0 = Release|Any CPU
		{D31DEA7E-239E-43BA-8215-FA9A83BEE5B4}.Ad-Hoc|ARM.ActiveCfg = Release|Any CPU
		{D31DEA7E-239E-43BA-8215-FA9A83BEE5B4}.Ad-Hoc|ARM.Build.0 = Release|Any CPU
		{D31DEA7E-239E-43BA-8215-FA9A83BEE5B4}.Ad-Hoc|iPhone.ActiveCfg = Release|Any CPU
		{D31DEA7E-239E-43BA-8215-FA9A83BEE5B4}.Ad-Hoc|iPhone.Build.0 = Release|Any CPU
		{D31DEA7E-239E-43BA-8215-FA9A83BEE5B4}.Ad-Hoc|iPhoneSimulator.ActiveCfg = Release|Any CPU
		{D31DEA7E-239E-43BA-8215-FA9A83BEE5B4}.Ad-Hoc|iPhoneSimulator.Build.0 = Release|Any CPU
		{D31DEA7E-239E-43BA-8215-FA9A83BEE5B4}.Ad-Hoc|x64.ActiveCfg = Release|Any CPU
		{D31DEA7E-239E-43BA-8215-FA9A83BEE5B4}.Ad-Hoc|x64.Build.0 = Release|Any CPU
		{D31DEA7E-239E-43BA-8215-FA9A83BEE5B4}.Ad-Hoc|x86.ActiveCfg = Release|Any CPU
		{D31DEA7E-239E-43BA-8215-FA9A83BEE5B4}.Ad-Hoc|x86.Build.0 = Release|Any CPU
		{D31DEA7E-239E-43BA-8215-FA9A83BEE5B4}.AppStore|Any CPU.ActiveCfg = Release|Any CPU
		{D31DEA7E-239E-43BA-8215-FA9A83BEE5B4}.AppStore|Any CPU.Build.0 = Release|Any CPU
		{D31DEA7E-239E-43BA-8215-FA9A83BEE5B4}.AppStore|ARM.ActiveCfg = Release|Any CPU
		{D31DEA7E-239E-43BA-8215-FA9A83BEE5B4}.AppStore|ARM.Build.0 = Release|Any CPU
		{D31DEA7E-239E-43BA-8215-FA9A83BEE5B4}.AppStore|iPhone.ActiveCfg = Release|Any CPU
		{D31DEA7E-239E-43BA-8215-FA9A83BEE5B4}.AppStore|iPhone.Build.0 = Release|Any CPU
		{D31DEA7E-239E-43BA-8215-FA9A83BEE5B4}.AppStore|iPhoneSimulator.ActiveCfg = Release|Any CPU
		{D31DEA7E-239E-43BA-8215-FA9A83BEE5B4}.AppStore|iPhoneSimulator.Build.0 = Release|Any CPU
		{D31DEA7E-239E-43BA-8215-FA9A83BEE5B4}.AppStore|x64.ActiveCfg = Release|Any CPU
		{D31DEA7E-239E-43BA-8215-FA9A83BEE5B4}.AppStore|x64.Build.0 = Release|Any CPU
		{D31DEA7E-239E-43BA-8215-FA9A83BEE5B4}.AppStore|x86.ActiveCfg = Release|Any CPU
		{D31DEA7E-239E-43BA-8215-FA9A83BEE5B4}.AppStore|x86.Build.0 = Release|Any CPU
		{D31DEA7E-239E-43BA-8215-FA9A83BEE5B4}.Debug|Any CPU.ActiveCfg = Debug|Any CPU
		{D31DEA7E-239E-43BA-8215-FA9A83BEE5B4}.Debug|Any CPU.Build.0 = Debug|Any CPU
		{D31DEA7E-239E-43BA-8215-FA9A83BEE5B4}.Debug|ARM.ActiveCfg = Debug|Any CPU
		{D31DEA7E-239E-43BA-8215-FA9A83BEE5B4}.Debug|ARM.Build.0 = Debug|Any CPU
		{D31DEA7E-239E-43BA-8215-FA9A83BEE5B4}.Debug|iPhone.ActiveCfg = Debug|Any CPU
		{D31DEA7E-239E-43BA-8215-FA9A83BEE5B4}.Debug|iPhone.Build.0 = Debug|Any CPU
		{D31DEA7E-239E-43BA-8215-FA9A83BEE5B4}.Debug|iPhoneSimulator.ActiveCfg = Debug|Any CPU
		{D31DEA7E-239E-43BA-8215-FA9A83BEE5B4}.Debug|iPhoneSimulator.Build.0 = Debug|Any CPU
		{D31DEA7E-239E-43BA-8215-FA9A83BEE5B4}.Debug|x64.ActiveCfg = Debug|Any CPU
		{D31DEA7E-239E-43BA-8215-FA9A83BEE5B4}.Debug|x64.Build.0 = Debug|Any CPU
		{D31DEA7E-239E-43BA-8215-FA9A83BEE5B4}.Debug|x86.ActiveCfg = Debug|Any CPU
		{D31DEA7E-239E-43BA-8215-FA9A83BEE5B4}.Debug|x86.Build.0 = Debug|Any CPU
		{D31DEA7E-239E-43BA-8215-FA9A83BEE5B4}.Release|Any CPU.ActiveCfg = Release|Any CPU
		{D31DEA7E-239E-43BA-8215-FA9A83BEE5B4}.Release|Any CPU.Build.0 = Release|Any CPU
		{D31DEA7E-239E-43BA-8215-FA9A83BEE5B4}.Release|ARM.ActiveCfg = Release|Any CPU
		{D31DEA7E-239E-43BA-8215-FA9A83BEE5B4}.Release|ARM.Build.0 = Release|Any CPU
		{D31DEA7E-239E-43BA-8215-FA9A83BEE5B4}.Release|iPhone.ActiveCfg = Release|Any CPU
		{D31DEA7E-239E-43BA-8215-FA9A83BEE5B4}.Release|iPhone.Build.0 = Release|Any CPU
		{D31DEA7E-239E-43BA-8215-FA9A83BEE5B4}.Release|iPhoneSimulator.ActiveCfg = Release|Any CPU
		{D31DEA7E-239E-43BA-8215-FA9A83BEE5B4}.Release|iPhoneSimulator.Build.0 = Release|Any CPU
		{D31DEA7E-239E-43BA-8215-FA9A83BEE5B4}.Release|x64.ActiveCfg = Release|Any CPU
		{D31DEA7E-239E-43BA-8215-FA9A83BEE5B4}.Release|x64.Build.0 = Release|Any CPU
		{D31DEA7E-239E-43BA-8215-FA9A83BEE5B4}.Release|x86.ActiveCfg = Release|Any CPU
		{D31DEA7E-239E-43BA-8215-FA9A83BEE5B4}.Release|x86.Build.0 = Release|Any CPU
		{4D293C27-64C7-4B94-AA42-316D06F7C7AB}.Ad-Hoc|Any CPU.ActiveCfg = Release|x86
		{4D293C27-64C7-4B94-AA42-316D06F7C7AB}.Ad-Hoc|Any CPU.Build.0 = Release|x86
		{4D293C27-64C7-4B94-AA42-316D06F7C7AB}.Ad-Hoc|Any CPU.Deploy.0 = Release|x86
		{4D293C27-64C7-4B94-AA42-316D06F7C7AB}.Ad-Hoc|ARM.ActiveCfg = Release|ARM
		{4D293C27-64C7-4B94-AA42-316D06F7C7AB}.Ad-Hoc|ARM.Build.0 = Release|ARM
		{4D293C27-64C7-4B94-AA42-316D06F7C7AB}.Ad-Hoc|ARM.Deploy.0 = Release|ARM
		{4D293C27-64C7-4B94-AA42-316D06F7C7AB}.Ad-Hoc|iPhone.ActiveCfg = Release|x86
		{4D293C27-64C7-4B94-AA42-316D06F7C7AB}.Ad-Hoc|iPhone.Build.0 = Release|x86
		{4D293C27-64C7-4B94-AA42-316D06F7C7AB}.Ad-Hoc|iPhone.Deploy.0 = Release|x86
		{4D293C27-64C7-4B94-AA42-316D06F7C7AB}.Ad-Hoc|iPhoneSimulator.ActiveCfg = Release|x86
		{4D293C27-64C7-4B94-AA42-316D06F7C7AB}.Ad-Hoc|iPhoneSimulator.Build.0 = Release|x86
		{4D293C27-64C7-4B94-AA42-316D06F7C7AB}.Ad-Hoc|iPhoneSimulator.Deploy.0 = Release|x86
		{4D293C27-64C7-4B94-AA42-316D06F7C7AB}.Ad-Hoc|x64.ActiveCfg = Release|x64
		{4D293C27-64C7-4B94-AA42-316D06F7C7AB}.Ad-Hoc|x64.Build.0 = Release|x64
		{4D293C27-64C7-4B94-AA42-316D06F7C7AB}.Ad-Hoc|x64.Deploy.0 = Release|x64
		{4D293C27-64C7-4B94-AA42-316D06F7C7AB}.Ad-Hoc|x86.ActiveCfg = Release|x86
		{4D293C27-64C7-4B94-AA42-316D06F7C7AB}.Ad-Hoc|x86.Build.0 = Release|x86
		{4D293C27-64C7-4B94-AA42-316D06F7C7AB}.Ad-Hoc|x86.Deploy.0 = Release|x86
		{4D293C27-64C7-4B94-AA42-316D06F7C7AB}.AppStore|Any CPU.ActiveCfg = Release|x86
		{4D293C27-64C7-4B94-AA42-316D06F7C7AB}.AppStore|Any CPU.Build.0 = Release|x86
		{4D293C27-64C7-4B94-AA42-316D06F7C7AB}.AppStore|Any CPU.Deploy.0 = Release|x86
		{4D293C27-64C7-4B94-AA42-316D06F7C7AB}.AppStore|ARM.ActiveCfg = Release|ARM
		{4D293C27-64C7-4B94-AA42-316D06F7C7AB}.AppStore|ARM.Build.0 = Release|ARM
		{4D293C27-64C7-4B94-AA42-316D06F7C7AB}.AppStore|ARM.Deploy.0 = Release|ARM
		{4D293C27-64C7-4B94-AA42-316D06F7C7AB}.AppStore|iPhone.ActiveCfg = Release|x86
		{4D293C27-64C7-4B94-AA42-316D06F7C7AB}.AppStore|iPhone.Build.0 = Release|x86
		{4D293C27-64C7-4B94-AA42-316D06F7C7AB}.AppStore|iPhone.Deploy.0 = Release|x86
		{4D293C27-64C7-4B94-AA42-316D06F7C7AB}.AppStore|iPhoneSimulator.ActiveCfg = Release|x86
		{4D293C27-64C7-4B94-AA42-316D06F7C7AB}.AppStore|iPhoneSimulator.Build.0 = Release|x86
		{4D293C27-64C7-4B94-AA42-316D06F7C7AB}.AppStore|iPhoneSimulator.Deploy.0 = Release|x86
		{4D293C27-64C7-4B94-AA42-316D06F7C7AB}.AppStore|x64.ActiveCfg = Release|x64
		{4D293C27-64C7-4B94-AA42-316D06F7C7AB}.AppStore|x64.Build.0 = Release|x64
		{4D293C27-64C7-4B94-AA42-316D06F7C7AB}.AppStore|x64.Deploy.0 = Release|x64
		{4D293C27-64C7-4B94-AA42-316D06F7C7AB}.AppStore|x86.ActiveCfg = Release|x86
		{4D293C27-64C7-4B94-AA42-316D06F7C7AB}.AppStore|x86.Build.0 = Release|x86
		{4D293C27-64C7-4B94-AA42-316D06F7C7AB}.AppStore|x86.Deploy.0 = Release|x86
		{4D293C27-64C7-4B94-AA42-316D06F7C7AB}.Debug|Any CPU.ActiveCfg = Debug|x86
		{4D293C27-64C7-4B94-AA42-316D06F7C7AB}.Debug|ARM.ActiveCfg = Debug|ARM
		{4D293C27-64C7-4B94-AA42-316D06F7C7AB}.Debug|ARM.Build.0 = Debug|ARM
		{4D293C27-64C7-4B94-AA42-316D06F7C7AB}.Debug|ARM.Deploy.0 = Debug|ARM
		{4D293C27-64C7-4B94-AA42-316D06F7C7AB}.Debug|iPhone.ActiveCfg = Debug|x86
		{4D293C27-64C7-4B94-AA42-316D06F7C7AB}.Debug|iPhoneSimulator.ActiveCfg = Debug|x86
		{4D293C27-64C7-4B94-AA42-316D06F7C7AB}.Debug|x64.ActiveCfg = Debug|x64
		{4D293C27-64C7-4B94-AA42-316D06F7C7AB}.Debug|x64.Build.0 = Debug|x64
		{4D293C27-64C7-4B94-AA42-316D06F7C7AB}.Debug|x64.Deploy.0 = Debug|x64
		{4D293C27-64C7-4B94-AA42-316D06F7C7AB}.Debug|x86.ActiveCfg = Debug|x86
		{4D293C27-64C7-4B94-AA42-316D06F7C7AB}.Debug|x86.Build.0 = Debug|x86
		{4D293C27-64C7-4B94-AA42-316D06F7C7AB}.Debug|x86.Deploy.0 = Debug|x86
		{4D293C27-64C7-4B94-AA42-316D06F7C7AB}.Release|Any CPU.ActiveCfg = Release|x86
		{4D293C27-64C7-4B94-AA42-316D06F7C7AB}.Release|ARM.ActiveCfg = Release|ARM
		{4D293C27-64C7-4B94-AA42-316D06F7C7AB}.Release|ARM.Build.0 = Release|ARM
		{4D293C27-64C7-4B94-AA42-316D06F7C7AB}.Release|ARM.Deploy.0 = Release|ARM
		{4D293C27-64C7-4B94-AA42-316D06F7C7AB}.Release|iPhone.ActiveCfg = Release|x86
		{4D293C27-64C7-4B94-AA42-316D06F7C7AB}.Release|iPhoneSimulator.ActiveCfg = Release|x86
		{4D293C27-64C7-4B94-AA42-316D06F7C7AB}.Release|x64.ActiveCfg = Release|x64
		{4D293C27-64C7-4B94-AA42-316D06F7C7AB}.Release|x64.Build.0 = Release|x64
		{4D293C27-64C7-4B94-AA42-316D06F7C7AB}.Release|x64.Deploy.0 = Release|x64
		{4D293C27-64C7-4B94-AA42-316D06F7C7AB}.Release|x86.ActiveCfg = Release|x86
		{4D293C27-64C7-4B94-AA42-316D06F7C7AB}.Release|x86.Build.0 = Release|x86
		{4D293C27-64C7-4B94-AA42-316D06F7C7AB}.Release|x86.Deploy.0 = Release|x86
		{3C193B3D-0E68-49C9-B8D5-BDE0DB0B467B}.Ad-Hoc|Any CPU.ActiveCfg = Ad-Hoc|iPhone
		{3C193B3D-0E68-49C9-B8D5-BDE0DB0B467B}.Ad-Hoc|ARM.ActiveCfg = Ad-Hoc|iPhone
		{3C193B3D-0E68-49C9-B8D5-BDE0DB0B467B}.Ad-Hoc|iPhone.ActiveCfg = Ad-Hoc|iPhone
		{3C193B3D-0E68-49C9-B8D5-BDE0DB0B467B}.Ad-Hoc|iPhone.Build.0 = Ad-Hoc|iPhone
		{3C193B3D-0E68-49C9-B8D5-BDE0DB0B467B}.Ad-Hoc|iPhoneSimulator.ActiveCfg = Ad-Hoc|iPhoneSimulator
		{3C193B3D-0E68-49C9-B8D5-BDE0DB0B467B}.Ad-Hoc|iPhoneSimulator.Build.0 = Ad-Hoc|iPhoneSimulator
		{3C193B3D-0E68-49C9-B8D5-BDE0DB0B467B}.Ad-Hoc|x64.ActiveCfg = Ad-Hoc|iPhone
		{3C193B3D-0E68-49C9-B8D5-BDE0DB0B467B}.Ad-Hoc|x86.ActiveCfg = Ad-Hoc|iPhone
		{3C193B3D-0E68-49C9-B8D5-BDE0DB0B467B}.AppStore|Any CPU.ActiveCfg = AppStore|iPhone
		{3C193B3D-0E68-49C9-B8D5-BDE0DB0B467B}.AppStore|ARM.ActiveCfg = AppStore|iPhone
		{3C193B3D-0E68-49C9-B8D5-BDE0DB0B467B}.AppStore|iPhone.ActiveCfg = AppStore|iPhone
		{3C193B3D-0E68-49C9-B8D5-BDE0DB0B467B}.AppStore|iPhone.Build.0 = AppStore|iPhone
		{3C193B3D-0E68-49C9-B8D5-BDE0DB0B467B}.AppStore|iPhoneSimulator.ActiveCfg = AppStore|iPhoneSimulator
		{3C193B3D-0E68-49C9-B8D5-BDE0DB0B467B}.AppStore|iPhoneSimulator.Build.0 = AppStore|iPhoneSimulator
		{3C193B3D-0E68-49C9-B8D5-BDE0DB0B467B}.AppStore|x64.ActiveCfg = AppStore|iPhone
		{3C193B3D-0E68-49C9-B8D5-BDE0DB0B467B}.AppStore|x86.ActiveCfg = AppStore|iPhone
		{3C193B3D-0E68-49C9-B8D5-BDE0DB0B467B}.Debug|Any CPU.ActiveCfg = Debug|iPhone
		{3C193B3D-0E68-49C9-B8D5-BDE0DB0B467B}.Debug|ARM.ActiveCfg = Debug|iPhone
		{3C193B3D-0E68-49C9-B8D5-BDE0DB0B467B}.Debug|iPhone.ActiveCfg = Debug|iPhone
		{3C193B3D-0E68-49C9-B8D5-BDE0DB0B467B}.Debug|iPhone.Build.0 = Debug|iPhone
		{3C193B3D-0E68-49C9-B8D5-BDE0DB0B467B}.Debug|iPhoneSimulator.ActiveCfg = Debug|iPhoneSimulator
		{3C193B3D-0E68-49C9-B8D5-BDE0DB0B467B}.Debug|iPhoneSimulator.Build.0 = Debug|iPhoneSimulator
		{3C193B3D-0E68-49C9-B8D5-BDE0DB0B467B}.Debug|x64.ActiveCfg = Debug|iPhone
		{3C193B3D-0E68-49C9-B8D5-BDE0DB0B467B}.Debug|x86.ActiveCfg = Debug|iPhone
		{3C193B3D-0E68-49C9-B8D5-BDE0DB0B467B}.Release|Any CPU.ActiveCfg = Release|iPhone
		{3C193B3D-0E68-49C9-B8D5-BDE0DB0B467B}.Release|ARM.ActiveCfg = Release|iPhone
		{3C193B3D-0E68-49C9-B8D5-BDE0DB0B467B}.Release|iPhone.ActiveCfg = Release|iPhone
		{3C193B3D-0E68-49C9-B8D5-BDE0DB0B467B}.Release|iPhone.Build.0 = Release|iPhone
		{3C193B3D-0E68-49C9-B8D5-BDE0DB0B467B}.Release|iPhoneSimulator.ActiveCfg = Release|iPhoneSimulator
		{3C193B3D-0E68-49C9-B8D5-BDE0DB0B467B}.Release|iPhoneSimulator.Build.0 = Release|iPhoneSimulator
		{3C193B3D-0E68-49C9-B8D5-BDE0DB0B467B}.Release|x64.ActiveCfg = Release|iPhone
		{3C193B3D-0E68-49C9-B8D5-BDE0DB0B467B}.Release|x86.ActiveCfg = Release|iPhone
		{0CF98921-BC36-4043-8087-15D0425D783F}.Ad-Hoc|Any CPU.ActiveCfg = Release|Any CPU
		{0CF98921-BC36-4043-8087-15D0425D783F}.Ad-Hoc|Any CPU.Build.0 = Release|Any CPU
		{0CF98921-BC36-4043-8087-15D0425D783F}.Ad-Hoc|ARM.ActiveCfg = Release|Any CPU
		{0CF98921-BC36-4043-8087-15D0425D783F}.Ad-Hoc|ARM.Build.0 = Release|Any CPU
		{0CF98921-BC36-4043-8087-15D0425D783F}.Ad-Hoc|iPhone.ActiveCfg = Release|Any CPU
		{0CF98921-BC36-4043-8087-15D0425D783F}.Ad-Hoc|iPhone.Build.0 = Release|Any CPU
		{0CF98921-BC36-4043-8087-15D0425D783F}.Ad-Hoc|iPhoneSimulator.ActiveCfg = Release|Any CPU
		{0CF98921-BC36-4043-8087-15D0425D783F}.Ad-Hoc|iPhoneSimulator.Build.0 = Release|Any CPU
		{0CF98921-BC36-4043-8087-15D0425D783F}.Ad-Hoc|x64.ActiveCfg = Release|Any CPU
		{0CF98921-BC36-4043-8087-15D0425D783F}.Ad-Hoc|x64.Build.0 = Release|Any CPU
		{0CF98921-BC36-4043-8087-15D0425D783F}.Ad-Hoc|x86.ActiveCfg = Release|Any CPU
		{0CF98921-BC36-4043-8087-15D0425D783F}.Ad-Hoc|x86.Build.0 = Release|Any CPU
		{0CF98921-BC36-4043-8087-15D0425D783F}.AppStore|Any CPU.ActiveCfg = Release|Any CPU
		{0CF98921-BC36-4043-8087-15D0425D783F}.AppStore|Any CPU.Build.0 = Release|Any CPU
		{0CF98921-BC36-4043-8087-15D0425D783F}.AppStore|ARM.ActiveCfg = Release|Any CPU
		{0CF98921-BC36-4043-8087-15D0425D783F}.AppStore|ARM.Build.0 = Release|Any CPU
		{0CF98921-BC36-4043-8087-15D0425D783F}.AppStore|iPhone.ActiveCfg = Release|Any CPU
		{0CF98921-BC36-4043-8087-15D0425D783F}.AppStore|iPhone.Build.0 = Release|Any CPU
		{0CF98921-BC36-4043-8087-15D0425D783F}.AppStore|iPhoneSimulator.ActiveCfg = Release|Any CPU
		{0CF98921-BC36-4043-8087-15D0425D783F}.AppStore|iPhoneSimulator.Build.0 = Release|Any CPU
		{0CF98921-BC36-4043-8087-15D0425D783F}.AppStore|x64.ActiveCfg = Release|Any CPU
		{0CF98921-BC36-4043-8087-15D0425D783F}.AppStore|x64.Build.0 = Release|Any CPU
		{0CF98921-BC36-4043-8087-15D0425D783F}.AppStore|x86.ActiveCfg = Release|Any CPU
		{0CF98921-BC36-4043-8087-15D0425D783F}.AppStore|x86.Build.0 = Release|Any CPU
		{0CF98921-BC36-4043-8087-15D0425D783F}.Debug|Any CPU.ActiveCfg = Debug|Any CPU
		{0CF98921-BC36-4043-8087-15D0425D783F}.Debug|Any CPU.Build.0 = Debug|Any CPU
		{0CF98921-BC36-4043-8087-15D0425D783F}.Debug|ARM.ActiveCfg = Debug|Any CPU
		{0CF98921-BC36-4043-8087-15D0425D783F}.Debug|ARM.Build.0 = Debug|Any CPU
		{0CF98921-BC36-4043-8087-15D0425D783F}.Debug|iPhone.ActiveCfg = Debug|Any CPU
		{0CF98921-BC36-4043-8087-15D0425D783F}.Debug|iPhone.Build.0 = Debug|Any CPU
		{0CF98921-BC36-4043-8087-15D0425D783F}.Debug|iPhoneSimulator.ActiveCfg = Debug|Any CPU
		{0CF98921-BC36-4043-8087-15D0425D783F}.Debug|iPhoneSimulator.Build.0 = Debug|Any CPU
		{0CF98921-BC36-4043-8087-15D0425D783F}.Debug|x64.ActiveCfg = Debug|Any CPU
		{0CF98921-BC36-4043-8087-15D0425D783F}.Debug|x64.Build.0 = Debug|Any CPU
		{0CF98921-BC36-4043-8087-15D0425D783F}.Debug|x86.ActiveCfg = Debug|Any CPU
		{0CF98921-BC36-4043-8087-15D0425D783F}.Debug|x86.Build.0 = Debug|Any CPU
		{0CF98921-BC36-4043-8087-15D0425D783F}.Release|Any CPU.ActiveCfg = Release|Any CPU
		{0CF98921-BC36-4043-8087-15D0425D783F}.Release|Any CPU.Build.0 = Release|Any CPU
		{0CF98921-BC36-4043-8087-15D0425D783F}.Release|ARM.ActiveCfg = Release|Any CPU
		{0CF98921-BC36-4043-8087-15D0425D783F}.Release|ARM.Build.0 = Release|Any CPU
		{0CF98921-BC36-4043-8087-15D0425D783F}.Release|iPhone.ActiveCfg = Release|Any CPU
		{0CF98921-BC36-4043-8087-15D0425D783F}.Release|iPhone.Build.0 = Release|Any CPU
		{0CF98921-BC36-4043-8087-15D0425D783F}.Release|iPhoneSimulator.ActiveCfg = Release|Any CPU
		{0CF98921-BC36-4043-8087-15D0425D783F}.Release|iPhoneSimulator.Build.0 = Release|Any CPU
		{0CF98921-BC36-4043-8087-15D0425D783F}.Release|x64.ActiveCfg = Release|Any CPU
		{0CF98921-BC36-4043-8087-15D0425D783F}.Release|x64.Build.0 = Release|Any CPU
		{0CF98921-BC36-4043-8087-15D0425D783F}.Release|x86.ActiveCfg = Release|Any CPU
		{0CF98921-BC36-4043-8087-15D0425D783F}.Release|x86.Build.0 = Release|Any CPU
		{9C533CF5-4596-4919-86A5-BF057BAF0951}.Ad-Hoc|Any CPU.ActiveCfg = Release|Any CPU
		{9C533CF5-4596-4919-86A5-BF057BAF0951}.Ad-Hoc|Any CPU.Build.0 = Release|Any CPU
		{9C533CF5-4596-4919-86A5-BF057BAF0951}.Ad-Hoc|ARM.ActiveCfg = Release|Any CPU
		{9C533CF5-4596-4919-86A5-BF057BAF0951}.Ad-Hoc|ARM.Build.0 = Release|Any CPU
		{9C533CF5-4596-4919-86A5-BF057BAF0951}.Ad-Hoc|iPhone.ActiveCfg = Release|Any CPU
		{9C533CF5-4596-4919-86A5-BF057BAF0951}.Ad-Hoc|iPhone.Build.0 = Release|Any CPU
		{9C533CF5-4596-4919-86A5-BF057BAF0951}.Ad-Hoc|iPhoneSimulator.ActiveCfg = Release|Any CPU
		{9C533CF5-4596-4919-86A5-BF057BAF0951}.Ad-Hoc|iPhoneSimulator.Build.0 = Release|Any CPU
		{9C533CF5-4596-4919-86A5-BF057BAF0951}.Ad-Hoc|x64.ActiveCfg = Release|Any CPU
		{9C533CF5-4596-4919-86A5-BF057BAF0951}.Ad-Hoc|x64.Build.0 = Release|Any CPU
		{9C533CF5-4596-4919-86A5-BF057BAF0951}.Ad-Hoc|x86.ActiveCfg = Release|Any CPU
		{9C533CF5-4596-4919-86A5-BF057BAF0951}.Ad-Hoc|x86.Build.0 = Release|Any CPU
		{9C533CF5-4596-4919-86A5-BF057BAF0951}.AppStore|Any CPU.ActiveCfg = Release|Any CPU
		{9C533CF5-4596-4919-86A5-BF057BAF0951}.AppStore|Any CPU.Build.0 = Release|Any CPU
		{9C533CF5-4596-4919-86A5-BF057BAF0951}.AppStore|ARM.ActiveCfg = Release|Any CPU
		{9C533CF5-4596-4919-86A5-BF057BAF0951}.AppStore|ARM.Build.0 = Release|Any CPU
		{9C533CF5-4596-4919-86A5-BF057BAF0951}.AppStore|iPhone.ActiveCfg = Release|Any CPU
		{9C533CF5-4596-4919-86A5-BF057BAF0951}.AppStore|iPhone.Build.0 = Release|Any CPU
		{9C533CF5-4596-4919-86A5-BF057BAF0951}.AppStore|iPhoneSimulator.ActiveCfg = Release|Any CPU
		{9C533CF5-4596-4919-86A5-BF057BAF0951}.AppStore|iPhoneSimulator.Build.0 = Release|Any CPU
		{9C533CF5-4596-4919-86A5-BF057BAF0951}.AppStore|x64.ActiveCfg = Release|Any CPU
		{9C533CF5-4596-4919-86A5-BF057BAF0951}.AppStore|x64.Build.0 = Release|Any CPU
		{9C533CF5-4596-4919-86A5-BF057BAF0951}.AppStore|x86.ActiveCfg = Release|Any CPU
		{9C533CF5-4596-4919-86A5-BF057BAF0951}.AppStore|x86.Build.0 = Release|Any CPU
		{9C533CF5-4596-4919-86A5-BF057BAF0951}.Debug|Any CPU.ActiveCfg = Debug|Any CPU
		{9C533CF5-4596-4919-86A5-BF057BAF0951}.Debug|Any CPU.Build.0 = Debug|Any CPU
		{9C533CF5-4596-4919-86A5-BF057BAF0951}.Debug|ARM.ActiveCfg = Debug|Any CPU
		{9C533CF5-4596-4919-86A5-BF057BAF0951}.Debug|ARM.Build.0 = Debug|Any CPU
		{9C533CF5-4596-4919-86A5-BF057BAF0951}.Debug|iPhone.ActiveCfg = Debug|Any CPU
		{9C533CF5-4596-4919-86A5-BF057BAF0951}.Debug|iPhone.Build.0 = Debug|Any CPU
		{9C533CF5-4596-4919-86A5-BF057BAF0951}.Debug|iPhoneSimulator.ActiveCfg = Debug|Any CPU
		{9C533CF5-4596-4919-86A5-BF057BAF0951}.Debug|iPhoneSimulator.Build.0 = Debug|Any CPU
		{9C533CF5-4596-4919-86A5-BF057BAF0951}.Debug|x64.ActiveCfg = Debug|Any CPU
		{9C533CF5-4596-4919-86A5-BF057BAF0951}.Debug|x64.Build.0 = Debug|Any CPU
		{9C533CF5-4596-4919-86A5-BF057BAF0951}.Debug|x86.ActiveCfg = Debug|Any CPU
		{9C533CF5-4596-4919-86A5-BF057BAF0951}.Debug|x86.Build.0 = Debug|Any CPU
		{9C533CF5-4596-4919-86A5-BF057BAF0951}.Release|Any CPU.ActiveCfg = Release|Any CPU
		{9C533CF5-4596-4919-86A5-BF057BAF0951}.Release|Any CPU.Build.0 = Release|Any CPU
		{9C533CF5-4596-4919-86A5-BF057BAF0951}.Release|ARM.ActiveCfg = Release|Any CPU
		{9C533CF5-4596-4919-86A5-BF057BAF0951}.Release|ARM.Build.0 = Release|Any CPU
		{9C533CF5-4596-4919-86A5-BF057BAF0951}.Release|iPhone.ActiveCfg = Release|Any CPU
		{9C533CF5-4596-4919-86A5-BF057BAF0951}.Release|iPhone.Build.0 = Release|Any CPU
		{9C533CF5-4596-4919-86A5-BF057BAF0951}.Release|iPhoneSimulator.ActiveCfg = Release|Any CPU
		{9C533CF5-4596-4919-86A5-BF057BAF0951}.Release|iPhoneSimulator.Build.0 = Release|Any CPU
		{9C533CF5-4596-4919-86A5-BF057BAF0951}.Release|x64.ActiveCfg = Release|Any CPU
		{9C533CF5-4596-4919-86A5-BF057BAF0951}.Release|x64.Build.0 = Release|Any CPU
		{9C533CF5-4596-4919-86A5-BF057BAF0951}.Release|x86.ActiveCfg = Release|Any CPU
		{9C533CF5-4596-4919-86A5-BF057BAF0951}.Release|x86.Build.0 = Release|Any CPU
		{1AA83926-0632-4839-B574-9639DEF78DF2}.Ad-Hoc|Any CPU.ActiveCfg = Release|Any CPU
		{1AA83926-0632-4839-B574-9639DEF78DF2}.Ad-Hoc|Any CPU.Build.0 = Release|Any CPU
		{1AA83926-0632-4839-B574-9639DEF78DF2}.Ad-Hoc|ARM.ActiveCfg = Release|Any CPU
		{1AA83926-0632-4839-B574-9639DEF78DF2}.Ad-Hoc|ARM.Build.0 = Release|Any CPU
		{1AA83926-0632-4839-B574-9639DEF78DF2}.Ad-Hoc|iPhone.ActiveCfg = Release|Any CPU
		{1AA83926-0632-4839-B574-9639DEF78DF2}.Ad-Hoc|iPhone.Build.0 = Release|Any CPU
		{1AA83926-0632-4839-B574-9639DEF78DF2}.Ad-Hoc|iPhoneSimulator.ActiveCfg = Release|Any CPU
		{1AA83926-0632-4839-B574-9639DEF78DF2}.Ad-Hoc|iPhoneSimulator.Build.0 = Release|Any CPU
		{1AA83926-0632-4839-B574-9639DEF78DF2}.Ad-Hoc|x64.ActiveCfg = Release|Any CPU
		{1AA83926-0632-4839-B574-9639DEF78DF2}.Ad-Hoc|x64.Build.0 = Release|Any CPU
		{1AA83926-0632-4839-B574-9639DEF78DF2}.Ad-Hoc|x86.ActiveCfg = Release|Any CPU
		{1AA83926-0632-4839-B574-9639DEF78DF2}.Ad-Hoc|x86.Build.0 = Release|Any CPU
		{1AA83926-0632-4839-B574-9639DEF78DF2}.AppStore|Any CPU.ActiveCfg = Release|Any CPU
		{1AA83926-0632-4839-B574-9639DEF78DF2}.AppStore|Any CPU.Build.0 = Release|Any CPU
		{1AA83926-0632-4839-B574-9639DEF78DF2}.AppStore|ARM.ActiveCfg = Release|Any CPU
		{1AA83926-0632-4839-B574-9639DEF78DF2}.AppStore|ARM.Build.0 = Release|Any CPU
		{1AA83926-0632-4839-B574-9639DEF78DF2}.AppStore|iPhone.ActiveCfg = Release|Any CPU
		{1AA83926-0632-4839-B574-9639DEF78DF2}.AppStore|iPhone.Build.0 = Release|Any CPU
		{1AA83926-0632-4839-B574-9639DEF78DF2}.AppStore|iPhoneSimulator.ActiveCfg = Release|Any CPU
		{1AA83926-0632-4839-B574-9639DEF78DF2}.AppStore|iPhoneSimulator.Build.0 = Release|Any CPU
		{1AA83926-0632-4839-B574-9639DEF78DF2}.AppStore|x64.ActiveCfg = Release|Any CPU
		{1AA83926-0632-4839-B574-9639DEF78DF2}.AppStore|x64.Build.0 = Release|Any CPU
		{1AA83926-0632-4839-B574-9639DEF78DF2}.AppStore|x86.ActiveCfg = Release|Any CPU
		{1AA83926-0632-4839-B574-9639DEF78DF2}.AppStore|x86.Build.0 = Release|Any CPU
		{1AA83926-0632-4839-B574-9639DEF78DF2}.Debug|Any CPU.ActiveCfg = Debug|Any CPU
		{1AA83926-0632-4839-B574-9639DEF78DF2}.Debug|Any CPU.Build.0 = Debug|Any CPU
		{1AA83926-0632-4839-B574-9639DEF78DF2}.Debug|ARM.ActiveCfg = Debug|Any CPU
		{1AA83926-0632-4839-B574-9639DEF78DF2}.Debug|ARM.Build.0 = Debug|Any CPU
		{1AA83926-0632-4839-B574-9639DEF78DF2}.Debug|iPhone.ActiveCfg = Debug|Any CPU
		{1AA83926-0632-4839-B574-9639DEF78DF2}.Debug|iPhone.Build.0 = Debug|Any CPU
		{1AA83926-0632-4839-B574-9639DEF78DF2}.Debug|iPhoneSimulator.ActiveCfg = Debug|Any CPU
		{1AA83926-0632-4839-B574-9639DEF78DF2}.Debug|iPhoneSimulator.Build.0 = Debug|Any CPU
		{1AA83926-0632-4839-B574-9639DEF78DF2}.Debug|x64.ActiveCfg = Debug|Any CPU
		{1AA83926-0632-4839-B574-9639DEF78DF2}.Debug|x64.Build.0 = Debug|Any CPU
		{1AA83926-0632-4839-B574-9639DEF78DF2}.Debug|x86.ActiveCfg = Debug|Any CPU
		{1AA83926-0632-4839-B574-9639DEF78DF2}.Debug|x86.Build.0 = Debug|Any CPU
		{1AA83926-0632-4839-B574-9639DEF78DF2}.Release|Any CPU.ActiveCfg = Release|Any CPU
		{1AA83926-0632-4839-B574-9639DEF78DF2}.Release|Any CPU.Build.0 = Release|Any CPU
		{1AA83926-0632-4839-B574-9639DEF78DF2}.Release|ARM.ActiveCfg = Release|Any CPU
		{1AA83926-0632-4839-B574-9639DEF78DF2}.Release|ARM.Build.0 = Release|Any CPU
		{1AA83926-0632-4839-B574-9639DEF78DF2}.Release|iPhone.ActiveCfg = Release|Any CPU
		{1AA83926-0632-4839-B574-9639DEF78DF2}.Release|iPhone.Build.0 = Release|Any CPU
		{1AA83926-0632-4839-B574-9639DEF78DF2}.Release|iPhoneSimulator.ActiveCfg = Release|Any CPU
		{1AA83926-0632-4839-B574-9639DEF78DF2}.Release|iPhoneSimulator.Build.0 = Release|Any CPU
		{1AA83926-0632-4839-B574-9639DEF78DF2}.Release|x64.ActiveCfg = Release|Any CPU
		{1AA83926-0632-4839-B574-9639DEF78DF2}.Release|x64.Build.0 = Release|Any CPU
		{1AA83926-0632-4839-B574-9639DEF78DF2}.Release|x86.ActiveCfg = Release|Any CPU
		{1AA83926-0632-4839-B574-9639DEF78DF2}.Release|x86.Build.0 = Release|Any CPU
	EndGlobalSection
	GlobalSection(SolutionProperties) = preSolution
		HideSolutionNode = FALSE
	EndGlobalSection
	GlobalSection(NestedProjects) = preSolution
		{74683512-C831-4936-BB40-521BC5E5F0F4} = {E407E0D4-B3E7-4077-A9DD-4DE9735DEF34}
		{D31DEA7E-239E-43BA-8215-FA9A83BEE5B4} = {E407E0D4-B3E7-4077-A9DD-4DE9735DEF34}
		{4D293C27-64C7-4B94-AA42-316D06F7C7AB} = {E407E0D4-B3E7-4077-A9DD-4DE9735DEF34}
		{3C193B3D-0E68-49C9-B8D5-BDE0DB0B467B} = {E407E0D4-B3E7-4077-A9DD-4DE9735DEF34}
		{E407E0D4-B3E7-4077-A9DD-4DE9735DEF34} = {D3A4E24F-FE94-4834-ADC4-8397B0C51DD2}
		{71E61B71-0D9F-4FB8-89FE-FCA55B6698A6} = {2F89C062-3364-4EC1-B981-D1A00DDCB072}
		{C201B1E2-3761-4476-83FD-AB989B077370} = {D3A4E24F-FE94-4834-ADC4-8397B0C51DD2}
		{0CF98921-BC36-4043-8087-15D0425D783F} = {C201B1E2-3761-4476-83FD-AB989B077370}
		{9C533CF5-4596-4919-86A5-BF057BAF0951} = {71E61B71-0D9F-4FB8-89FE-FCA55B6698A6}
		{1AA83926-0632-4839-B574-9639DEF78DF2} = {71E61B71-0D9F-4FB8-89FE-FCA55B6698A6}
	EndGlobalSection
EndGlobal
